
Microsoft Visual Studio Solution File, Format Version 12.00
# Visual Studio Version 17
VisualStudioVersion = 17.11.35312.102
MinimumVisualStudioVersion = 10.0.40219.1
Project("{FAE04EC0-301F-11D3-BF4B-00C04F79EFBC}") = "GrundernaOOP.Lab5", "GrundernaOOP.Lab5.csproj", "{9F7673DC-B559-4C64-8209-7612F935B1B7}"
EndProject
Global
	GlobalSection(SolutionConfigurationPlatforms) = preSolution
		Debug|Any CPU = Debug|Any CPU
		Release|Any CPU = Release|Any CPU
	EndGlobalSection
	GlobalSection(ProjectConfigurationPlatforms) = postSolution
		{9F7673DC-B559-4C64-8209-7612F935B1B7}.Debug|Any CPU.ActiveCfg = Debug|Any CPU
		{9F7673DC-B559-4C64-8209-7612F935B1B7}.Debug|Any CPU.Build.0 = Debug|Any CPU
		{9F7673DC-B559-4C64-8209-7612F935B1B7}.Release|Any CPU.ActiveCfg = Release|Any CPU
		{9F7673DC-B559-4C64-8209-7612F935B1B7}.Release|Any CPU.Build.0 = Release|Any CPU
	EndGlobalSection
	GlobalSection(SolutionProperties) = preSolution
		HideSolutionNode = FALSE
	EndGlobalSection
	GlobalSection(ExtensibilityGlobals) = postSolution
		SolutionGuid = {62387C3F-A9ED-484E-8277-721DA0A0CFA7}
	EndGlobalSection
EndGlobal
